lockfileVersion: 5.4

specifiers:
  '@types/html-minifier': 4.0.2
  '@types/lodash': ^4.14.184
  '@types/markdown-it': 12.2.3
  '@types/node': 18.7.14
  axios: 0.27.2
  dayjs: 1.11.5
  html-minifier: 4.0.0
  lodash: 4.17.21
  markdown-it: 13.0.1
  retry-axios: 3.0.0
  ts-node: 10.9.1
  typescript: 4.8.2

dependencies:
  '@types/html-minifier': registry.npmmirror.com/@types/html-minifier/4.0.2
  '@types/node': registry.npmmirror.com/@types/node/18.7.14
  axios: registry.npmmirror.com/axios/0.27.2
  dayjs: registry.npmmirror.com/dayjs/1.11.5
  html-minifier: registry.npmmirror.com/html-minifier/4.0.0
  lodash: registry.npmmirror.com/lodash/4.17.21
  retry-axios: registry.npmmirror.com/retry-axios/3.0.0_axios@0.27.2
  ts-node: registry.npmmirror.com/ts-node/10.9.1_tphhiizkxv2hzwkunblc3hbmra
  typescript: registry.npmmirror.com/typescript/4.8.2

devDependencies:
  '@types/lodash': registry.npmmirror.com/@types/lodash/4.14.184
  '@types/markdown-it': registry.npmmirror.com/@types/markdown-it/12.2.3
  markdown-it: registry.npmmirror.com/markdown-it/13.0.1

packages:

  registry.npmmirror.com/@cspotcode/source-map-support/0.8.1:
    resolution: {integrity: sha512-IchNf6dN4tHoMFIn/7OE8LWZ19Y6q/67Bmf6vnGREv8RSbBVb9LPJxEcnwrcwX6ixSvaiGoomAUvu4YSxXrVgw==, registry: http://registry.npm.taobao.org/, tarball: https://registry.npmmirror.com/@cspotcode/source-map-support/-/source-map-support-0.8.1.tgz}
    name: '@cspotcode/source-map-support'
    version: 0.8.1
    engines: {node: '>=12'}
    dependencies:
      '@jridgewell/trace-mapping': registry.npmmirror.com/@jridgewell/trace-mapping/0.3.9
    dev: false

  registry.npmmirror.com/@jridgewell/resolve-uri/3.1.0:
    resolution: {integrity: sha512-F2msla3tad+Mfht5cJq7LSXcdudKTWCVYUgw6pLFOOHSTtZlj6SWNYAp+AhuqLmWdBO2X5hPrLcu8cVP8fy28w==, registry: http://registry.npm.taobao.org/, tarball: https://registry.npmmirror.com/@jridgewell/resolve-uri/-/resolve-uri-3.1.0.tgz}
    name: '@jridgewell/resolve-uri'
    version: 3.1.0
    engines: {node: '>=6.0.0'}
    dev: false

  registry.npmmirror.com/@jridgewell/sourcemap-codec/1.4.14:
    resolution: {integrity: sha512-XPSJHWmi394fuUuzDnGz1wiKqWfo1yXecHQMRf2l6hztTO+nPru658AyDngaBe7isIxEkRsPR3FZh+s7iVa4Uw==, registry: http://registry.npm.taobao.org/, tarball: https://registry.npmmirror.com/@jridgewell/sourcemap-codec/-/sourcemap-codec-1.4.14.tgz}
    name: '@jridgewell/sourcemap-codec'
    version: 1.4.14
    dev: false

  registry.npmmirror.com/@jridgewell/trace-mapping/0.3.9:
    resolution: {integrity: sha512-3Belt6tdc8bPgAtbcmdtNJlirVoTmEb5e2gC94PnkwEW9jI6CAHUeoG85tjWP5WquqfavoMtMwiG4P926ZKKuQ==, registry: http://registry.npm.taobao.org/, tarball: https://registry.npmmirror.com/@jridgewell/trace-mapping/-/trace-mapping-0.3.9.tgz}
    name: '@jridgewell/trace-mapping'
    version: 0.3.9
    dependencies:
      '@jridgewell/resolve-uri': registry.npmmirror.com/@jridgewell/resolve-uri/3.1.0
      '@jridgewell/sourcemap-codec': registry.npmmirror.com/@jridgewell/sourcemap-codec/1.4.14
    dev: false

  registry.npmmirror.com/@tsconfig/node10/1.0.9:
    resolution: {integrity: sha512-jNsYVVxU8v5g43Erja32laIDHXeoNvFEpX33OK4d6hljo3jDhCBDhx5dhCCTMWUojscpAagGiRkBKxpdl9fxqA==, registry: http://registry.npm.taobao.org/, tarball: https://registry.npmmirror.com/@tsconfig/node10/-/node10-1.0.9.tgz}
    name: '@tsconfig/node10'
    version: 1.0.9
    dev: false

  registry.npmmirror.com/@tsconfig/node12/1.0.11:
    resolution: {integrity: sha512-cqefuRsh12pWyGsIoBKJA9luFu3mRxCA+ORZvA4ktLSzIuCUtWVxGIuXigEwO5/ywWFMZ2QEGKWvkZG1zDMTag==, registry: http://registry.npm.taobao.org/, tarball: https://registry.npmmirror.com/@tsconfig/node12/-/node12-1.0.11.tgz}
    name: '@tsconfig/node12'
    version: 1.0.11
    dev: false

  registry.npmmirror.com/@tsconfig/node14/1.0.3:
    resolution: {integrity: sha512-ysT8mhdixWK6Hw3i1V2AeRqZ5WfXg1G43mqoYlM2nc6388Fq5jcXyr5mRsqViLx/GJYdoL0bfXD8nmF+Zn/Iow==, registry: http://registry.npm.taobao.org/, tarball: https://registry.npmmirror.com/@tsconfig/node14/-/node14-1.0.3.tgz}
    name: '@tsconfig/node14'
    version: 1.0.3
    dev: false

  registry.npmmirror.com/@tsconfig/node16/1.0.3:
    resolution: {integrity: sha512-yOlFc+7UtL/89t2ZhjPvvB/DeAr3r+Dq58IgzsFkOAvVC6NMJXmCGjbptdXdR9qsX7pKcTL+s87FtYREi2dEEQ==, registry: http://registry.npm.taobao.org/, tarball: https://registry.npmmirror.com/@tsconfig/node16/-/node16-1.0.3.tgz}
    name: '@tsconfig/node16'
    version: 1.0.3
    dev: false

  registry.npmmirror.com/@types/clean-css/4.2.5:
    resolution: {integrity: sha512-NEzjkGGpbs9S9fgC4abuBvTpVwE3i+Acu9BBod3PUyjDVZcNsGx61b8r2PphR61QGPnn0JHVs5ey6/I4eTrkxw==, registry: http://registry.npm.taobao.org/, tarball: https://registry.npmmirror.com/@types/clean-css/-/clean-css-4.2.5.tgz}
    name: '@types/clean-css'
    version: 4.2.5
    dependencies:
      '@types/node': registry.npmmirror.com/@types/node/18.7.14
      source-map: registry.npmmirror.com/source-map/0.6.1
    dev: false

  registry.npmmirror.com/@types/html-minifier/4.0.2:
    resolution: {integrity: sha512-4IkmkXJP/25R2fZsCHDX2abztXuQRzUAZq39PfCMz2loLFj8vS9y7aF6vDl58koXSTpsF+eL4Lc5Y4Aww/GCTQ==, registry: http://registry.npm.taobao.org/, tarball: https://registry.npmmirror.com/@types/html-minifier/-/html-minifier-4.0.2.tgz}
    name: '@types/html-minifier'
    version: 4.0.2
    dependencies:
      '@types/clean-css': registry.npmmirror.com/@types/clean-css/4.2.5
      '@types/relateurl': registry.npmmirror.com/@types/relateurl/0.2.29
      '@types/uglify-js': registry.npmmirror.com/@types/uglify-js/3.13.2
    dev: false

  registry.npmmirror.com/@types/linkify-it/3.0.2:
    resolution: {integrity: sha512-HZQYqbiFVWufzCwexrvh694SOim8z2d+xJl5UNamcvQFejLY/2YUtzXHYi3cHdI7PMlS8ejH2slRAOJQ32aNbA==, registry: http://registry.npm.taobao.org/, tarball: https://registry.npmmirror.com/@types/linkify-it/-/linkify-it-3.0.2.tgz}
    name: '@types/linkify-it'
    version: 3.0.2
    dev: true

  registry.npmmirror.com/@types/lodash/4.14.184:
    resolution: {integrity: sha512-RoZphVtHbxPZizt4IcILciSWiC6dcn+eZ8oX9IWEYfDMcocdd42f7NPI6fQj+6zI8y4E0L7gu2pcZKLGTRaV9Q==, registry: http://registry.npm.taobao.org/, tarball: https://registry.npmmirror.com/@types/lodash/-/lodash-4.14.184.tgz}
    name: '@types/lodash'
    version: 4.14.184
    dev: true

  registry.npmmirror.com/@types/markdown-it/12.2.3:
    resolution: {integrity: sha512-GKMHFfv3458yYy+v/N8gjufHO6MSZKCOXpZc5GXIWWy8uldwfmPn98vp81gZ5f9SVw8YYBctgfJ22a2d7AOMeQ==, registry: http://registry.npm.taobao.org/, tarball: https://registry.npmmirror.com/@types/markdown-it/-/markdown-it-12.2.3.tgz}
    name: '@types/markdown-it'
    version: 12.2.3
    dependencies:
      '@types/linkify-it': registry.npmmirror.com/@types/linkify-it/3.0.2
      '@types/mdurl': registry.npmmirror.com/@types/mdurl/1.0.2
    dev: true

  registry.npmmirror.com/@types/mdurl/1.0.2:
    resolution: {integrity: sha512-eC4U9MlIcu2q0KQmXszyn5Akca/0jrQmwDRgpAMJai7qBWq4amIQhZyNau4VYGtCeALvW1/NtjzJJ567aZxfKA==, registry: http://registry.npm.taobao.org/, tarball: https://registry.npmmirror.com/@types/mdurl/-/mdurl-1.0.2.tgz}
    name: '@types/mdurl'
    version: 1.0.2
    dev: true

  registry.npmmirror.com/@types/node/18.7.14:
    resolution: {integrity: sha512-6bbDaETVi8oyIARulOE9qF1/Qdi/23z6emrUh0fNJRUmjznqrixD4MpGDdgOFk5Xb0m2H6Xu42JGdvAxaJR/wA==, registry: http://registry.npm.taobao.org/, tarball: https://registry.npmmirror.com/@types/node/-/node-18.7.14.tgz}
    name: '@types/node'
    version: 18.7.14
    dev: false

  registry.npmmirror.com/@types/relateurl/0.2.29:
    resolution: {integrity: sha512-QSvevZ+IRww2ldtfv1QskYsqVVVwCKQf1XbwtcyyoRvLIQzfyPhj/C+3+PKzSDRdiyejaiLgnq//XTkleorpLg==, registry: http://registry.npm.taobao.org/, tarball: https://registry.npmmirror.com/@types/relateurl/-/relateurl-0.2.29.tgz}
    name: '@types/relateurl'
    version: 0.2.29
    dev: false

  registry.npmmirror.com/@types/uglify-js/3.13.2:
    resolution: {integrity: sha512-/xFrPIo+4zOeNGtVMbf9rUm0N+i4pDf1ynExomqtokIJmVzR3962lJ1UE+MmexMkA0cmN9oTzg5Xcbwge0Ij2Q==, registry: http://registry.npm.taobao.org/, tarball: https://registry.npmmirror.com/@types/uglify-js/-/uglify-js-3.13.2.tgz}
    name: '@types/uglify-js'
    version: 3.13.2
    dependencies:
      source-map: registry.npmmirror.com/source-map/0.6.1
    dev: false

  registry.npmmirror.com/acorn-walk/8.2.0:
    resolution: {integrity: sha512-k+iyHEuPgSw6SbuDpGQM+06HQUa04DZ3o+F6CSzXMvvI5KMvnaEqXe+YVe555R9nn6GPt404fos4wcgpw12SDA==, registry: http://registry.npm.taobao.org/, tarball: https://registry.npmmirror.com/acorn-walk/-/acorn-walk-8.2.0.tgz}
    name: acorn-walk
    version: 8.2.0
    engines: {node: '>=0.4.0'}
    dev: false

  registry.npmmirror.com/acorn/8.8.0:
    resolution: {integrity: sha512-QOxyigPVrpZ2GXT+PFyZTl6TtOFc5egxHIP9IlQ+RbupQuX4RkT/Bee4/kQuC02Xkzg84JcT7oLYtDIQxp+v7w==, registry: http://registry.npm.taobao.org/, tarball: https://registry.npmmirror.com/acorn/-/acorn-8.8.0.tgz}
    name: acorn
    version: 8.8.0
    engines: {node: '>=0.4.0'}
    hasBin: true
    dev: false

  registry.npmmirror.com/arg/4.1.3:
    resolution: {integrity: sha512-58S9QDqG0Xx27YwPSt9fJxivjYl432YCwfDMfZ+71RAqUrZef7LrKQZ3LHLOwCS4FLNBplP533Zx895SeOCHvA==, registry: http://registry.npm.taobao.org/, tarball: https://registry.npmmirror.com/arg/-/arg-4.1.3.tgz}
    name: arg
    version: 4.1.3
    dev: false

  registry.npmmirror.com/argparse/2.0.1:
    resolution: {integrity: sha512-8+9WqebbFzpX9OR+Wa6O29asIogeRMzcGtAINdpMHHyAg10f05aSFVBbcEqGf/PXw1EjAZ+q2/bEBg3DvurK3Q==, registry: http://registry.npm.taobao.org/, tarball: https://registry.npmmirror.com/argparse/-/argparse-2.0.1.tgz}
    name: argparse
    version: 2.0.1
    dev: true

  registry.npmmirror.com/asynckit/0.4.0:
    resolution: {integrity: sha512-Oei9OH4tRh0YqU3GxhX79dM/mwVgvbZJaSNaRk+bshkj0S5cfHcgYakreBjrHwatXKbz+IoIdYLxrKim2MjW0Q==, registry: http://registry.npm.taobao.org/, tarball: https://registry.npmmirror.com/asynckit/-/asynckit-0.4.0.tgz}
    name: asynckit
    version: 0.4.0
    dev: false

  registry.npmmirror.com/axios/0.27.2:
    resolution: {integrity: sha512-t+yRIyySRTp/wua5xEr+z1q60QmLq8ABsS5O9Me1AsE5dfKqgnCFzwiCZZ/cGNd1lq4/7akDWMxdhVlucjmnOQ==, registry: http://registry.npm.taobao.org/, tarball: https://registry.npmmirror.com/axios/-/axios-0.27.2.tgz}
    name: axios
    version: 0.27.2
    dependencies:
      follow-redirects: registry.npmmirror.com/follow-redirects/1.15.1
      form-data: registry.npmmirror.com/form-data/4.0.0
    transitivePeerDependencies:
      - debug
    dev: false

  registry.npmmirror.com/camel-case/3.0.0:
    resolution: {integrity: sha512-+MbKztAYHXPr1jNTSKQF52VpcFjwY5RkR7fxksV8Doo4KAYc5Fl4UJRgthBbTmEx8C54DqahhbLJkDwjI3PI/w==, registry: http://registry.npm.taobao.org/, tarball: https://registry.npmmirror.com/camel-case/-/camel-case-3.0.0.tgz}
    name: camel-case
    version: 3.0.0
    dependencies:
      no-case: registry.npmmirror.com/no-case/2.3.2
      upper-case: registry.npmmirror.com/upper-case/1.1.3
    dev: false

  registry.npmmirror.com/clean-css/4.2.4:
    resolution: {integrity: sha512-EJUDT7nDVFDvaQgAo2G/PJvxmp1o/c6iXLbswsBbUFXi1Nr+AjA2cKmfbKDMjMvzEe75g3P6JkaDDAKk96A85A==, registry: http://registry.npm.taobao.org/, tarball: https://registry.npmmirror.com/clean-css/-/clean-css-4.2.4.tgz}
    name: clean-css
    version: 4.2.4
    engines: {node: '>= 4.0'}
    dependencies:
      source-map: registry.npmmirror.com/source-map/0.6.1
    dev: false

  registry.npmmirror.com/combined-stream/1.0.8:
    resolution: {integrity: sha512-FQN4MRfuJeHf7cBbBMJFXhKSDq+2kAArBlmRBvcvFE5BB1HZKXtSFASDhdlz9zOYwxh8lDdnvmMOe/+5cdoEdg==, registry: http://registry.npm.taobao.org/, tarball: https://registry.npmmirror.com/combined-stream/-/combined-stream-1.0.8.tgz}
    name: combined-stream
    version: 1.0.8
    engines: {node: '>= 0.8'}
    dependencies:
      delayed-stream: registry.npmmirror.com/delayed-stream/1.0.0
    dev: false

  registry.npmmirror.com/commander/2.20.3:
    resolution: {integrity: sha512-GpVkmM8vF2vQUkj2LvZmD35JxeJOLCwJ9cUkugyk2nuhbv3+mJvpLYYt+0+USMxE+oj+ey/lJEnhZw75x/OMcQ==, registry: http://registry.npm.taobao.org/, tarball: https://registry.npmmirror.com/commander/-/commander-2.20.3.tgz}
    name: commander
    version: 2.20.3
    dev: false

  registry.npmmirror.com/create-require/1.1.1:
    resolution: {integrity: sha512-dcKFX3jn0MpIaXjisoRvexIJVEKzaq7z2rZKxf+MSr9TkdmHmsU4m2lcLojrj/FHl8mk5VxMmYA+ftRkP/3oKQ==, registry: http://registry.npm.taobao.org/, tarball: https://registry.npmmirror.com/create-require/-/create-require-1.1.1.tgz}
    name: create-require
    version: 1.1.1
    dev: false

  registry.npmmirror.com/dayjs/1.11.5:
    resolution: {integrity: sha512-CAdX5Q3YW3Gclyo5Vpqkgpj8fSdLQcRuzfX6mC6Phy0nfJ0eGYOeS7m4mt2plDWLAtA4TqTakvbboHvUxfe4iA==, registry: http://registry.npm.taobao.org/, tarball: https://registry.npmmirror.com/dayjs/-/dayjs-1.11.5.tgz}
    name: dayjs
    version: 1.11.5
    dev: false

  registry.npmmirror.com/delayed-stream/1.0.0:
    resolution: {integrity: sha512-ZySD7Nf91aLB0RxL4KGrKHBXl7Eds1DAmEdcoVawXnLD7SDhpNgtuII2aAkg7a7QS41jxPSZ17p4VdGnMHk3MQ==, registry: http://registry.npm.taobao.org/, tarball: https://registry.npmmirror.com/delayed-stream/-/delayed-stream-1.0.0.tgz}
    name: delayed-stream
    version: 1.0.0
    engines: {node: '>=0.4.0'}
    dev: false

  registry.npmmirror.com/diff/4.0.2:
    resolution: {integrity: sha512-58lmxKSA4BNyLz+HHMUzlOEpg09FV+ev6ZMe3vJihgdxzgcwZ8VoEEPmALCZG9LmqfVoNMMKpttIYTVG6uDY7A==, registry: http://registry.npm.taobao.org/, tarball: https://registry.npmmirror.com/diff/-/diff-4.0.2.tgz}
    name: diff
    version: 4.0.2
    engines: {node: '>=0.3.1'}
    dev: false

  registry.npmmirror.com/entities/3.0.1:
    resolution: {integrity: sha512-WiyBqoomrwMdFG1e0kqvASYfnlb0lp8M5o5Fw2OFq1hNZxxcNk8Ik0Xm7LxzBhuidnZB/UtBqVCgUz3kBOP51Q==, registry: http://registry.npm.taobao.org/, tarball: https://registry.npmmirror.com/entities/-/entities-3.0.1.tgz}
    name: entities
    version: 3.0.1
    engines: {node: '>=0.12'}
    dev: true

  registry.npmmirror.com/follow-redirects/1.15.1:
    resolution: {integrity: sha512-yLAMQs+k0b2m7cVxpS1VKJVvoz7SS9Td1zss3XRwXj+ZDH00RJgnuLx7E44wx02kQLrdM3aOOy+FpzS7+8OizA==, registry: http://registry.npm.taobao.org/, tarball: https://registry.npmmirror.com/follow-redirects/-/follow-redirects-1.15.1.tgz}
    name: follow-redirects
    version: 1.15.1
    engines: {node: '>=4.0'}
    peerDependencies:
      debug: '*'
    peerDependenciesMeta:
      debug:
        optional: true
    dev: false

  registry.npmmirror.com/form-data/4.0.0:
    resolution: {integrity: sha512-ETEklSGi5t0QMZuiXoA/Q6vcnxcLQP5vdugSpuAyi6SVGi2clPPp+xgEhuMaHC+zGgn31Kd235W35f7Hykkaww==, registry: http://registry.npm.taobao.org/, tarball: https://registry.npmmirror.com/form-data/-/form-data-4.0.0.tgz}
    name: form-data
    version: 4.0.0
    engines: {node: '>= 6'}
    dependencies:
      asynckit: registry.npmmirror.com/asynckit/0.4.0
      combined-stream: registry.npmmirror.com/combined-stream/1.0.8
      mime-types: registry.npmmirror.com/mime-types/2.1.35
    dev: false

  registry.npmmirror.com/he/1.2.0:
    resolution: {integrity: sha512-F/1DnUGPopORZi0ni+CvrCgHQ5FyEAHRLSApuYWMmrbSwoN2Mn/7k+Gl38gJnR7yyDZk6WLXwiGod1JOWNDKGw==, registry: http://registry.npm.taobao.org/, tarball: https://registry.npmmirror.com/he/-/he-1.2.0.tgz}
    name: he
    version: 1.2.0
    hasBin: true
    dev: false

  registry.npmmirror.com/html-minifier/4.0.0:
    resolution: {integrity: sha512-aoGxanpFPLg7MkIl/DDFYtb0iWz7jMFGqFhvEDZga6/4QTjneiD8I/NXL1x5aaoCp7FSIT6h/OhykDdPsbtMig==, registry: http://registry.npm.taobao.org/, tarball: https://registry.npmmirror.com/html-minifier/-/html-minifier-4.0.0.tgz}
    name: html-minifier
    version: 4.0.0
    engines: {node: '>=6'}
    hasBin: true
    dependencies:
      camel-case: registry.npmmirror.com/camel-case/3.0.0
      clean-css: registry.npmmirror.com/clean-css/4.2.4
      commander: registry.npmmirror.com/commander/2.20.3
      he: registry.npmmirror.com/he/1.2.0
      param-case: registry.npmmirror.com/param-case/2.1.1
      relateurl: registry.npmmirror.com/relateurl/0.2.7
      uglify-js: registry.npmmirror.com/uglify-js/3.16.2
    dev: false

  registry.npmmirror.com/linkify-it/4.0.1:
    resolution: {integrity: sha512-C7bfi1UZmoj8+PQx22XyeXCuBlokoyWQL5pWSP+EI6nzRylyThouddufc2c1NDIcP9k5agmN9fLpA7VNJfIiqw==, registry: http://registry.npm.taobao.org/, tarball: https://registry.npmmirror.com/linkify-it/-/linkify-it-4.0.1.tgz}
    name: linkify-it
    version: 4.0.1
    dependencies:
      uc.micro: registry.npmmirror.com/uc.micro/1.0.6
    dev: true

  registry.npmmirror.com/lodash/4.17.21:
    resolution: {integrity: sha512-v2kDEe57lecTulaDIuNTPy3Ry4gLGJ6Z1O3vE1krgXZNrsQ+LFTGHVxVjcXPs17LhbZVGedAJv8XZ1tvj5FvSg==, registry: http://registry.npm.taobao.org/, tarball: https://registry.npmmirror.com/lodash/-/lodash-4.17.21.tgz}
    name: lodash
    version: 4.17.21
    dev: false

  registry.npmmirror.com/lower-case/1.1.4:
    resolution: {integrity: sha512-2Fgx1Ycm599x+WGpIYwJOvsjmXFzTSc34IwDWALRA/8AopUKAVPwfJ+h5+f85BCp0PWmmJcWzEpxOpoXycMpdA==, registry: http://registry.npm.taobao.org/, tarball: https://registry.npmmirror.com/lower-case/-/lower-case-1.1.4.tgz}
    name: lower-case
    version: 1.1.4
    dev: false

  registry.npmmirror.com/make-error/1.3.6:
    resolution: {integrity: sha512-s8UhlNe7vPKomQhC1qFelMokr/Sc3AgNbso3n74mVPA5LTZwkB9NlXf4XPamLxJE8h0gh73rM94xvwRT2CVInw==, registry: http://registry.npm.taobao.org/, tarball: https://registry.npmmirror.com/make-error/-/make-error-1.3.6.tgz}
    name: make-error
    version: 1.3.6
    dev: false

  registry.npmmirror.com/markdown-it/13.0.1:
    resolution: {integrity: sha512-lTlxriVoy2criHP0JKRhO2VDG9c2ypWCsT237eDiLqi09rmbKoUetyGHq2uOIRoRS//kfoJckS0eUzzkDR+k2Q==, registry: http://registry.npm.taobao.org/, tarball: https://registry.npmmirror.com/markdown-it/-/markdown-it-13.0.1.tgz}
    name: markdown-it
    version: 13.0.1
    hasBin: true
    dependencies:
      argparse: registry.npmmirror.com/argparse/2.0.1
      entities: registry.npmmirror.com/entities/3.0.1
      linkify-it: registry.npmmirror.com/linkify-it/4.0.1
      mdurl: registry.npmmirror.com/mdurl/1.0.1
      uc.micro: registry.npmmirror.com/uc.micro/1.0.6
    dev: true

  registry.npmmirror.com/mdurl/1.0.1:
    resolution: {integrity: sha512-/sKlQJCBYVY9Ers9hqzKou4H6V5UWc/M59TH2dvkt+84itfnq7uFOMLpOiOS4ujvHP4etln18fmIxA5R5fll0g==, registry: http://registry.npm.taobao.org/, tarball: https://registry.npmmirror.com/mdurl/-/mdurl-1.0.1.tgz}
    name: mdurl
    version: 1.0.1
    dev: true

  registry.npmmirror.com/mime-db/1.52.0:
    resolution: {integrity: sha512-sPU4uV7dYlvtWJxwwxHD0PuihVNiE7TyAbQ5SWxDCB9mUYvOgroQOwYQQOKPJ8CIbE+1ETVlOoK1UC2nU3gYvg==, registry: http://registry.npm.taobao.org/, tarball: https://registry.npmmirror.com/mime-db/-/mime-db-1.52.0.tgz}
    name: mime-db
    version: 1.52.0
    engines: {node: '>= 0.6'}
    dev: false

  registry.npmmirror.com/mime-types/2.1.35:
    resolution: {integrity: sha512-ZDY+bPm5zTTF+YpCrAU9nK0UgICYPT0QtT1NZWFv4s++TNkcgVaT0g6+4R2uI4MjQjzysHB1zxuWL50hzaeXiw==, registry: http://registry.npm.taobao.org/, tarball: https://registry.npmmirror.com/mime-types/-/mime-types-2.1.35.tgz}
    name: mime-types
    version: 2.1.35
    engines: {node: '>= 0.6'}
    dependencies:
      mime-db: registry.npmmirror.com/mime-db/1.52.0
    dev: false

  registry.npmmirror.com/no-case/2.3.2:
    resolution: {integrity: sha512-rmTZ9kz+f3rCvK2TD1Ue/oZlns7OGoIWP4fc3llxxRXlOkHKoWPPWJOfFYpITabSow43QJbRIoHQXtt10VldyQ==, registry: http://registry.npm.taobao.org/, tarball: https://registry.npmmirror.com/no-case/-/no-case-2.3.2.tgz}
    name: no-case
    version: 2.3.2
    dependencies:
      lower-case: registry.npmmirror.com/lower-case/1.1.4
    dev: false

  registry.npmmirror.com/param-case/2.1.1:
    resolution: {integrity: sha512-eQE845L6ot89sk2N8liD8HAuH4ca6Vvr7VWAWwt7+kvvG5aBcPmmphQ68JsEG2qa9n1TykS2DLeMt363AAH8/w==, registry: http://registry.npm.taobao.org/, tarball: https://registry.npmmirror.com/param-case/-/param-case-2.1.1.tgz}
    name: param-case
    version: 2.1.1
    dependencies:
      no-case: registry.npmmirror.com/no-case/2.3.2
    dev: false

  registry.npmmirror.com/relateurl/0.2.7:
    resolution: {integrity: sha512-G08Dxvm4iDN3MLM0EsP62EDV9IuhXPR6blNz6Utcp7zyV3tr4HVNINt6MpaRWbxoOHT3Q7YN2P+jaHX8vUbgog==, registry: http://registry.npm.taobao.org/, tarball: https://registry.npmmirror.com/relateurl/-/relateurl-0.2.7.tgz}
    name: relateurl
    version: 0.2.7
    engines: {node: '>= 0.10'}
    dev: false

  registry.npmmirror.com/retry-axios/3.0.0_axios@0.27.2:
    resolution: {integrity: sha512-/jRv4nCDytusFZIY+zD6aKP29+wpgnbjfap5B76rqvgROWfONG5Bf7vCXx7grhxJwYGLlumraKZQUMzNgfXNCg==, registry: http://registry.npm.taobao.org/, tarball: https://registry.npmmirror.com/retry-axios/-/retry-axios-3.0.0.tgz}
    id: registry.npmmirror.com/retry-axios/3.0.0
    name: retry-axios
    version: 3.0.0
    engines: {node: '>=14'}
    peerDependencies:
      axios: '*'
    dependencies:
      axios: registry.npmmirror.com/axios/0.27.2
    dev: false

  registry.npmmirror.com/source-map/0.6.1:
    resolution: {integrity: sha512-UjgapumWlbMhkBgzT7Ykc5YXUT46F0iKu8SGXq0bcwP5dz/h0Plj6enJqjz1Zbq2l5WaqYnrVbwWOWMyF3F47g==, registry: http://registry.npm.taobao.org/, tarball: https://registry.npmmirror.com/source-map/-/source-map-0.6.1.tgz}
    name: source-map
    version: 0.6.1
    engines: {node: '>=0.10.0'}
    dev: false

  registry.npmmirror.com/ts-node/10.9.1_tphhiizkxv2hzwkunblc3hbmra:
    resolution: {integrity: sha512-NtVysVPkxxrwFGUUxGYhfux8k78pQB3JqYBXlLRZgdGUqTO5wU/UyHop5p70iEbGhB7q5KmiZiU0Y3KlJrScEw==, registry: http://registry.npm.taobao.org/, tarball: https://registry.npmmirror.com/ts-node/-/ts-node-10.9.1.tgz}
    id: registry.npmmirror.com/ts-node/10.9.1
    name: ts-node
    version: 10.9.1
    hasBin: true
    peerDependencies:
      '@swc/core': '>=1.2.50'
      '@swc/wasm': '>=1.2.50'
      '@types/node': '*'
      typescript: '>=2.7'
    peerDependenciesMeta:
      '@swc/core':
        optional: true
      '@swc/wasm':
        optional: true
    dependencies:
      '@cspotcode/source-map-support': registry.npmmirror.com/@cspotcode/source-map-support/0.8.1
      '@tsconfig/node10': registry.npmmirror.com/@tsconfig/node10/1.0.9
      '@tsconfig/node12': registry.npmmirror.com/@tsconfig/node12/1.0.11
      '@tsconfig/node14': registry.npmmirror.com/@tsconfig/node14/1.0.3
      '@tsconfig/node16': registry.npmmirror.com/@tsconfig/node16/1.0.3
      '@types/node': registry.npmmirror.com/@types/node/18.7.14
      acorn: registry.npmmirror.com/acorn/8.8.0
      acorn-walk: registry.npmmirror.com/acorn-walk/8.2.0
      arg: registry.npmmirror.com/arg/4.1.3
      create-require: registry.npmmirror.com/create-require/1.1.1
      diff: registry.npmmirror.com/diff/4.0.2
      make-error: registry.npmmirror.com/make-error/1.3.6
      typescript: registry.npmmirror.com/typescript/4.8.2
      v8-compile-cache-lib: registry.npmmirror.com/v8-compile-cache-lib/3.0.1
      yn: registry.npmmirror.com/yn/3.1.1
    dev: false

  registry.npmmirror.com/typescript/4.8.2:
    resolution: {integrity: sha512-C0I1UsrrDHo2fYI5oaCGbSejwX4ch+9Y5jTQELvovfmFkK3HHSZJB8MSJcWLmCUBzQBchCrZ9rMRV6GuNrvGtw==, registry: http://registry.npm.taobao.org/, tarball: https://registry.npmmirror.com/typescript/-/typescript-4.8.2.tgz}
    name: typescript
    version: 4.8.2
    engines: {node: '>=4.2.0'}
    hasBin: true
    dev: false

  registry.npmmirror.com/uc.micro/1.0.6:
    resolution: {integrity: sha512-8Y75pvTYkLJW2hWQHXxoqRgV7qb9B+9vFEtidML+7koHUFapnVJAZ6cKs+Qjz5Aw3aZWHMC6u0wJE3At+nSGwA==, registry: http://registry.npm.taobao.org/, tarball: https://registry.npmmirror.com/uc.micro/-/uc.micro-1.0.6.tgz}
    name: uc.micro
    version: 1.0.6
    dev: true

  registry.npmmirror.com/uglify-js/3.16.2:
    resolution: {integrity: sha512-AaQNokTNgExWrkEYA24BTNMSjyqEXPSfhqoS0AxmHkCJ4U+Dyy5AvbGV/sqxuxficEfGGoX3zWw9R7QpLFfEsg==, registry: http://registry.npm.taobao.org/, tarball: https://registry.npmmirror.com/uglify-js/-/uglify-js-3.16.2.tgz}
    name: uglify-js
    version: 3.16.2
    engines: {node: '>=0.8.0'}
    hasBin: true
    dev: false

  registry.npmmirror.com/upper-case/1.1.3:
    resolution: {integrity: sha512-WRbjgmYzgXkCV7zNVpy5YgrHgbBv126rMALQQMrmzOVC4GM2waQ9x7xtm8VU+1yF2kWyPzI9zbZ48n4vSxwfSA==, registry: http://registry.npm.taobao.org/, tarball: https://registry.npmmirror.com/upper-case/-/upper-case-1.1.3.tgz}
    name: upper-case
    version: 1.1.3
    dev: false

  registry.npmmirror.com/v8-compile-cache-lib/3.0.1:
    resolution: {integrity: sha512-wa7YjyUGfNZngI/vtK0UHAN+lgDCxBPCylVXGp0zu59Fz5aiGtNXaq3DhIov063MorB+VfufLh3JlF2KdTK3xg==, registry: http://registry.npm.taobao.org/, tarball: https://registry.npmmirror.com/v8-compile-cache-lib/-/v8-compile-cache-lib-3.0.1.tgz}
    name: v8-compile-cache-lib
    version: 3.0.1
    dev: false

  registry.npmmirror.com/yn/3.1.1:
    resolution: {integrity: sha512-Ux4ygGWsu2c7isFWe8Yu1YluJmqVhxqK2cLXNQA5AcC3QfbGNpM7fu0Y8b/z16pXLnFxZYvWhd3fhBY9DLmC6Q==, registry: http://registry.npm.taobao.org/, tarball: https://registry.npmmirror.com/yn/-/yn-3.1.1.tgz}
    name: yn
    version: 3.1.1
    engines: {node: '>=6'}
    dev: false
