lockfileVersion: 5.4

specifiers:
  '@mx-space/api-client': 0.10.6
  '@types/html-minifier': 4.0.1
  '@types/markdown-it': 12.2.3
  '@types/node': 16.10.3
  axios: 0.22.0
  dayjs: 1.10.7
  html-minifier: 4.0.0
  lodash: 4.17.21
  markdown-it: 12.3.0
  retry-axios: 2.6.0
  ts-node: 10.3.0
  typescript: 4.4.3

dependencies:
  '@mx-space/api-client': registry.npmmirror.com/@mx-space/api-client/0.10.6
  '@types/html-minifier': registry.npmmirror.com/@types/html-minifier/4.0.1
  '@types/node': registry.npmmirror.com/@types/node/16.10.3
  axios: registry.npmmirror.com/axios/0.22.0
  dayjs: registry.npmmirror.com/dayjs/1.10.7
  html-minifier: registry.npmmirror.com/html-minifier/4.0.0
  lodash: registry.npmmirror.com/lodash/4.17.21
  retry-axios: registry.npmmirror.com/retry-axios/2.6.0_axios@0.22.0
  ts-node: registry.npmmirror.com/ts-node/10.3.0_qmcozvyvqmhxygiljuo6vefraa
  typescript: registry.npmmirror.com/typescript/4.4.3

devDependencies:
  '@types/markdown-it': registry.npmmirror.com/@types/markdown-it/12.2.3
  markdown-it: registry.npmmirror.com/markdown-it/12.3.0

packages:

  registry.npmmirror.com/@cspotcode/source-map-consumer/0.8.0:
    resolution: {integrity: sha512-41qniHzTU8yAGbCp04ohlmSrZf8bkf/iJsl3V0dRGsQN/5GFfx+LbCSsCpp2gqrqjTVg/K6O8ycoV35JIwAzAg==, registry: http://registry.npm.taobao.org/, tarball: https://registry.npmmirror.com/@cspotcode/source-map-consumer/-/source-map-consumer-0.8.0.tgz}
    name: '@cspotcode/source-map-consumer'
    version: 0.8.0
    engines: {node: '>= 12'}
    dev: false

  registry.npmmirror.com/@cspotcode/source-map-support/0.7.0:
    resolution: {integrity: sha512-X4xqRHqN8ACt2aHVe51OxeA2HjbcL4MqFqXkrmQszJ1NOUuUu5u6Vqx/0lZSVNku7velL5FC/s5uEAj1lsBMhA==, registry: http://registry.npm.taobao.org/, tarball: https://registry.npmmirror.com/@cspotcode/source-map-support/-/source-map-support-0.7.0.tgz}
    name: '@cspotcode/source-map-support'
    version: 0.7.0
    engines: {node: '>=12'}
    dependencies:
      '@cspotcode/source-map-consumer': registry.npmmirror.com/@cspotcode/source-map-consumer/0.8.0
    dev: false

  registry.npmmirror.com/@mx-space/api-client/0.10.6:
    resolution: {integrity: sha512-dwkwJkfTICTXVyahFKwCW2n9ZERfSQueO1gdG3p6Zzdbr1i05OG0EEA2zXU0xiVQNHkvx5nsQGnWsL3aVvKERw==, registry: http://registry.npm.taobao.org/, tarball: https://registry.npmmirror.com/@mx-space/api-client/-/api-client-0.10.6.tgz}
    name: '@mx-space/api-client'
    version: 0.10.6
    engines: {pnpm: '>=6'}
    dependencies:
      camelcase-keys: registry.npmmirror.com/camelcase-keys/7.0.2
    dev: false

  registry.npmmirror.com/@tsconfig/node10/1.0.9:
    resolution: {integrity: sha512-jNsYVVxU8v5g43Erja32laIDHXeoNvFEpX33OK4d6hljo3jDhCBDhx5dhCCTMWUojscpAagGiRkBKxpdl9fxqA==, registry: http://registry.npm.taobao.org/, tarball: https://registry.npmmirror.com/@tsconfig/node10/-/node10-1.0.9.tgz}
    name: '@tsconfig/node10'
    version: 1.0.9
    dev: false

  registry.npmmirror.com/@tsconfig/node12/1.0.11:
    resolution: {integrity: sha512-cqefuRsh12pWyGsIoBKJA9luFu3mRxCA+ORZvA4ktLSzIuCUtWVxGIuXigEwO5/ywWFMZ2QEGKWvkZG1zDMTag==, registry: http://registry.npm.taobao.org/, tarball: https://registry.npmmirror.com/@tsconfig/node12/-/node12-1.0.11.tgz}
    name: '@tsconfig/node12'
    version: 1.0.11
    dev: false

  registry.npmmirror.com/@tsconfig/node14/1.0.3:
    resolution: {integrity: sha512-ysT8mhdixWK6Hw3i1V2AeRqZ5WfXg1G43mqoYlM2nc6388Fq5jcXyr5mRsqViLx/GJYdoL0bfXD8nmF+Zn/Iow==, registry: http://registry.npm.taobao.org/, tarball: https://registry.npmmirror.com/@tsconfig/node14/-/node14-1.0.3.tgz}
    name: '@tsconfig/node14'
    version: 1.0.3
    dev: false

  registry.npmmirror.com/@tsconfig/node16/1.0.3:
    resolution: {integrity: sha512-yOlFc+7UtL/89t2ZhjPvvB/DeAr3r+Dq58IgzsFkOAvVC6NMJXmCGjbptdXdR9qsX7pKcTL+s87FtYREi2dEEQ==, registry: http://registry.npm.taobao.org/, tarball: https://registry.npmmirror.com/@tsconfig/node16/-/node16-1.0.3.tgz}
    name: '@tsconfig/node16'
    version: 1.0.3
    dev: false

  registry.npmmirror.com/@types/clean-css/4.2.5:
    resolution: {integrity: sha512-NEzjkGGpbs9S9fgC4abuBvTpVwE3i+Acu9BBod3PUyjDVZcNsGx61b8r2PphR61QGPnn0JHVs5ey6/I4eTrkxw==, registry: http://registry.npm.taobao.org/, tarball: https://registry.npmmirror.com/@types/clean-css/-/clean-css-4.2.5.tgz}
    name: '@types/clean-css'
    version: 4.2.5
    dependencies:
      '@types/node': registry.npmmirror.com/@types/node/16.10.3
      source-map: registry.npmmirror.com/source-map/0.6.1
    dev: false

  registry.npmmirror.com/@types/html-minifier/4.0.1:
    resolution: {integrity: sha512-6u58FWQbWP45bsxVeMJo0yk2LEsjjZsCwn0JDe/i5Edk3L+b9TR5eZ2FGaMCrLdtGYpME5AGxUqv8o+3hWKogw==, registry: http://registry.npm.taobao.org/, tarball: https://registry.npmmirror.com/@types/html-minifier/-/html-minifier-4.0.1.tgz}
    name: '@types/html-minifier'
    version: 4.0.1
    dependencies:
      '@types/clean-css': registry.npmmirror.com/@types/clean-css/4.2.5
      '@types/relateurl': registry.npmmirror.com/@types/relateurl/0.2.29
      '@types/uglify-js': registry.npmmirror.com/@types/uglify-js/3.13.2
    dev: false

  registry.npmmirror.com/@types/linkify-it/3.0.2:
    resolution: {integrity: sha512-HZQYqbiFVWufzCwexrvh694SOim8z2d+xJl5UNamcvQFejLY/2YUtzXHYi3cHdI7PMlS8ejH2slRAOJQ32aNbA==, registry: http://registry.npm.taobao.org/, tarball: https://registry.npmmirror.com/@types/linkify-it/-/linkify-it-3.0.2.tgz}
    name: '@types/linkify-it'
    version: 3.0.2
    dev: true

  registry.npmmirror.com/@types/markdown-it/12.2.3:
    resolution: {integrity: sha512-GKMHFfv3458yYy+v/N8gjufHO6MSZKCOXpZc5GXIWWy8uldwfmPn98vp81gZ5f9SVw8YYBctgfJ22a2d7AOMeQ==, registry: http://registry.npm.taobao.org/, tarball: https://registry.npmmirror.com/@types/markdown-it/-/markdown-it-12.2.3.tgz}
    name: '@types/markdown-it'
    version: 12.2.3
    dependencies:
      '@types/linkify-it': registry.npmmirror.com/@types/linkify-it/3.0.2
      '@types/mdurl': registry.npmmirror.com/@types/mdurl/1.0.2
    dev: true

  registry.npmmirror.com/@types/mdurl/1.0.2:
    resolution: {integrity: sha512-eC4U9MlIcu2q0KQmXszyn5Akca/0jrQmwDRgpAMJai7qBWq4amIQhZyNau4VYGtCeALvW1/NtjzJJ567aZxfKA==, registry: http://registry.npm.taobao.org/, tarball: https://registry.npmmirror.com/@types/mdurl/-/mdurl-1.0.2.tgz}
    name: '@types/mdurl'
    version: 1.0.2
    dev: true

  registry.npmmirror.com/@types/node/16.10.3:
    resolution: {integrity: sha512-ho3Ruq+fFnBrZhUYI46n/bV2GjwzSkwuT4dTf0GkuNFmnb8nq4ny2z9JEVemFi6bdEJanHLlYfy9c6FN9B9McQ==, registry: http://registry.npm.taobao.org/, tarball: https://registry.npmmirror.com/@types/node/-/node-16.10.3.tgz}
    name: '@types/node'
    version: 16.10.3
    dev: false

  registry.npmmirror.com/@types/relateurl/0.2.29:
    resolution: {integrity: sha512-QSvevZ+IRww2ldtfv1QskYsqVVVwCKQf1XbwtcyyoRvLIQzfyPhj/C+3+PKzSDRdiyejaiLgnq//XTkleorpLg==, registry: http://registry.npm.taobao.org/, tarball: https://registry.npmmirror.com/@types/relateurl/-/relateurl-0.2.29.tgz}
    name: '@types/relateurl'
    version: 0.2.29
    dev: false

  registry.npmmirror.com/@types/uglify-js/3.13.2:
    resolution: {integrity: sha512-/xFrPIo+4zOeNGtVMbf9rUm0N+i4pDf1ynExomqtokIJmVzR3962lJ1UE+MmexMkA0cmN9oTzg5Xcbwge0Ij2Q==, registry: http://registry.npm.taobao.org/, tarball: https://registry.npmmirror.com/@types/uglify-js/-/uglify-js-3.13.2.tgz}
    name: '@types/uglify-js'
    version: 3.13.2
    dependencies:
      source-map: registry.npmmirror.com/source-map/0.6.1
    dev: false

  registry.npmmirror.com/acorn-walk/8.2.0:
    resolution: {integrity: sha512-k+iyHEuPgSw6SbuDpGQM+06HQUa04DZ3o+F6CSzXMvvI5KMvnaEqXe+YVe555R9nn6GPt404fos4wcgpw12SDA==, registry: http://registry.npm.taobao.org/, tarball: https://registry.npmmirror.com/acorn-walk/-/acorn-walk-8.2.0.tgz}
    name: acorn-walk
    version: 8.2.0
    engines: {node: '>=0.4.0'}
    dev: false

  registry.npmmirror.com/acorn/8.8.0:
    resolution: {integrity: sha512-QOxyigPVrpZ2GXT+PFyZTl6TtOFc5egxHIP9IlQ+RbupQuX4RkT/Bee4/kQuC02Xkzg84JcT7oLYtDIQxp+v7w==, registry: http://registry.npm.taobao.org/, tarball: https://registry.npmmirror.com/acorn/-/acorn-8.8.0.tgz}
    name: acorn
    version: 8.8.0
    engines: {node: '>=0.4.0'}
    hasBin: true
    dev: false

  registry.npmmirror.com/arg/4.1.3:
    resolution: {integrity: sha512-58S9QDqG0Xx27YwPSt9fJxivjYl432YCwfDMfZ+71RAqUrZef7LrKQZ3LHLOwCS4FLNBplP533Zx895SeOCHvA==, registry: http://registry.npm.taobao.org/, tarball: https://registry.npmmirror.com/arg/-/arg-4.1.3.tgz}
    name: arg
    version: 4.1.3
    dev: false

  registry.npmmirror.com/argparse/2.0.1:
    resolution: {integrity: sha512-8+9WqebbFzpX9OR+Wa6O29asIogeRMzcGtAINdpMHHyAg10f05aSFVBbcEqGf/PXw1EjAZ+q2/bEBg3DvurK3Q==, registry: http://registry.npm.taobao.org/, tarball: https://registry.npmmirror.com/argparse/-/argparse-2.0.1.tgz}
    name: argparse
    version: 2.0.1
    dev: true

  registry.npmmirror.com/axios/0.22.0:
    resolution: {integrity: sha512-Z0U3uhqQeg1oNcihswf4ZD57O3NrR1+ZXhxaROaWpDmsDTx7T2HNBV2ulBtie2hwJptu8UvgnJoK+BIqdzh/1w==, registry: http://registry.npm.taobao.org/, tarball: https://registry.npmmirror.com/axios/-/axios-0.22.0.tgz}
    name: axios
    version: 0.22.0
    dependencies:
      follow-redirects: registry.npmmirror.com/follow-redirects/1.15.1
    transitivePeerDependencies:
      - debug
    dev: false

  registry.npmmirror.com/camel-case/3.0.0:
    resolution: {integrity: sha512-+MbKztAYHXPr1jNTSKQF52VpcFjwY5RkR7fxksV8Doo4KAYc5Fl4UJRgthBbTmEx8C54DqahhbLJkDwjI3PI/w==, registry: http://registry.npm.taobao.org/, tarball: https://registry.npmmirror.com/camel-case/-/camel-case-3.0.0.tgz}
    name: camel-case
    version: 3.0.0
    dependencies:
      no-case: registry.npmmirror.com/no-case/2.3.2
      upper-case: registry.npmmirror.com/upper-case/1.1.3
    dev: false

  registry.npmmirror.com/camelcase-keys/7.0.2:
    resolution: {integrity: sha512-Rjs1H+A9R+Ig+4E/9oyB66UC5Mj9Xq3N//vcLf2WzgdTi/3gUu3Z9KoqmlrEG4VuuLK8wJHofxzdQXz/knhiYg==, registry: http://registry.npm.taobao.org/, tarball: https://registry.npmmirror.com/camelcase-keys/-/camelcase-keys-7.0.2.tgz}
    name: camelcase-keys
    version: 7.0.2
    engines: {node: '>=12'}
    dependencies:
      camelcase: registry.npmmirror.com/camelcase/6.3.0
      map-obj: registry.npmmirror.com/map-obj/4.3.0
      quick-lru: registry.npmmirror.com/quick-lru/5.1.1
      type-fest: registry.npmmirror.com/type-fest/1.4.0
    dev: false

  registry.npmmirror.com/camelcase/6.3.0:
    resolution: {integrity: sha512-Gmy6FhYlCY7uOElZUSbxo2UCDH8owEk996gkbrpsgGtrJLM3J7jGxl9Ic7Qwwj4ivOE5AWZWRMecDdF7hqGjFA==, registry: http://registry.npm.taobao.org/, tarball: https://registry.npmmirror.com/camelcase/-/camelcase-6.3.0.tgz}
    name: camelcase
    version: 6.3.0
    engines: {node: '>=10'}
    dev: false

  registry.npmmirror.com/clean-css/4.2.4:
    resolution: {integrity: sha512-EJUDT7nDVFDvaQgAo2G/PJvxmp1o/c6iXLbswsBbUFXi1Nr+AjA2cKmfbKDMjMvzEe75g3P6JkaDDAKk96A85A==, registry: http://registry.npm.taobao.org/, tarball: https://registry.npmmirror.com/clean-css/-/clean-css-4.2.4.tgz}
    name: clean-css
    version: 4.2.4
    engines: {node: '>= 4.0'}
    dependencies:
      source-map: registry.npmmirror.com/source-map/0.6.1
    dev: false

  registry.npmmirror.com/commander/2.20.3:
    resolution: {integrity: sha512-GpVkmM8vF2vQUkj2LvZmD35JxeJOLCwJ9cUkugyk2nuhbv3+mJvpLYYt+0+USMxE+oj+ey/lJEnhZw75x/OMcQ==, registry: http://registry.npm.taobao.org/, tarball: https://registry.npmmirror.com/commander/-/commander-2.20.3.tgz}
    name: commander
    version: 2.20.3
    dev: false

  registry.npmmirror.com/create-require/1.1.1:
    resolution: {integrity: sha512-dcKFX3jn0MpIaXjisoRvexIJVEKzaq7z2rZKxf+MSr9TkdmHmsU4m2lcLojrj/FHl8mk5VxMmYA+ftRkP/3oKQ==, registry: http://registry.npm.taobao.org/, tarball: https://registry.npmmirror.com/create-require/-/create-require-1.1.1.tgz}
    name: create-require
    version: 1.1.1
    dev: false

  registry.npmmirror.com/dayjs/1.10.7:
    resolution: {integrity: sha512-P6twpd70BcPK34K26uJ1KT3wlhpuOAPoMwJzpsIWUxHZ7wpmbdZL/hQqBDfz7hGurYSa5PhzdhDHtt319hL3ig==, registry: http://registry.npm.taobao.org/, tarball: https://registry.npmmirror.com/dayjs/-/dayjs-1.10.7.tgz}
    name: dayjs
    version: 1.10.7
    dev: false

  registry.npmmirror.com/diff/4.0.2:
    resolution: {integrity: sha512-58lmxKSA4BNyLz+HHMUzlOEpg09FV+ev6ZMe3vJihgdxzgcwZ8VoEEPmALCZG9LmqfVoNMMKpttIYTVG6uDY7A==, registry: http://registry.npm.taobao.org/, tarball: https://registry.npmmirror.com/diff/-/diff-4.0.2.tgz}
    name: diff
    version: 4.0.2
    engines: {node: '>=0.3.1'}
    dev: false

  registry.npmmirror.com/entities/2.1.0:
    resolution: {integrity: sha512-hCx1oky9PFrJ611mf0ifBLBRW8lUUVRlFolb5gWRfIELabBlbp9xZvrqZLZAs+NxFnbfQoeGd8wDkygjg7U85w==, registry: http://registry.npm.taobao.org/, tarball: https://registry.npmmirror.com/entities/-/entities-2.1.0.tgz}
    name: entities
    version: 2.1.0
    dev: true

  registry.npmmirror.com/follow-redirects/1.15.1:
    resolution: {integrity: sha512-yLAMQs+k0b2m7cVxpS1VKJVvoz7SS9Td1zss3XRwXj+ZDH00RJgnuLx7E44wx02kQLrdM3aOOy+FpzS7+8OizA==, registry: http://registry.npm.taobao.org/, tarball: https://registry.npmmirror.com/follow-redirects/-/follow-redirects-1.15.1.tgz}
    name: follow-redirects
    version: 1.15.1
    engines: {node: '>=4.0'}
    peerDependencies:
      debug: '*'
    peerDependenciesMeta:
      debug:
        optional: true
    dev: false

  registry.npmmirror.com/he/1.2.0:
    resolution: {integrity: sha512-F/1DnUGPopORZi0ni+CvrCgHQ5FyEAHRLSApuYWMmrbSwoN2Mn/7k+Gl38gJnR7yyDZk6WLXwiGod1JOWNDKGw==, registry: http://registry.npm.taobao.org/, tarball: https://registry.npmmirror.com/he/-/he-1.2.0.tgz}
    name: he
    version: 1.2.0
    hasBin: true
    dev: false

  registry.npmmirror.com/html-minifier/4.0.0:
    resolution: {integrity: sha512-aoGxanpFPLg7MkIl/DDFYtb0iWz7jMFGqFhvEDZga6/4QTjneiD8I/NXL1x5aaoCp7FSIT6h/OhykDdPsbtMig==, registry: http://registry.npm.taobao.org/, tarball: https://registry.npmmirror.com/html-minifier/-/html-minifier-4.0.0.tgz}
    name: html-minifier
    version: 4.0.0
    engines: {node: '>=6'}
    hasBin: true
    dependencies:
      camel-case: registry.npmmirror.com/camel-case/3.0.0
      clean-css: registry.npmmirror.com/clean-css/4.2.4
      commander: registry.npmmirror.com/commander/2.20.3
      he: registry.npmmirror.com/he/1.2.0
      param-case: registry.npmmirror.com/param-case/2.1.1
      relateurl: registry.npmmirror.com/relateurl/0.2.7
      uglify-js: registry.npmmirror.com/uglify-js/3.16.2
    dev: false

  registry.npmmirror.com/linkify-it/3.0.3:
    resolution: {integrity: sha512-ynTsyrFSdE5oZ/O9GEf00kPngmOfVwazR5GKDq6EYfhlpFug3J2zybX56a2PRRpc9P+FuSoGNAwjlbDs9jJBPQ==, registry: http://registry.npm.taobao.org/, tarball: https://registry.npmmirror.com/linkify-it/-/linkify-it-3.0.3.tgz}
    name: linkify-it
    version: 3.0.3
    dependencies:
      uc.micro: registry.npmmirror.com/uc.micro/1.0.6
    dev: true

  registry.npmmirror.com/lodash/4.17.21:
    resolution: {integrity: sha512-v2kDEe57lecTulaDIuNTPy3Ry4gLGJ6Z1O3vE1krgXZNrsQ+LFTGHVxVjcXPs17LhbZVGedAJv8XZ1tvj5FvSg==, registry: http://registry.npm.taobao.org/, tarball: https://registry.npmmirror.com/lodash/-/lodash-4.17.21.tgz}
    name: lodash
    version: 4.17.21
    dev: false

  registry.npmmirror.com/lower-case/1.1.4:
    resolution: {integrity: sha512-2Fgx1Ycm599x+WGpIYwJOvsjmXFzTSc34IwDWALRA/8AopUKAVPwfJ+h5+f85BCp0PWmmJcWzEpxOpoXycMpdA==, registry: http://registry.npm.taobao.org/, tarball: https://registry.npmmirror.com/lower-case/-/lower-case-1.1.4.tgz}
    name: lower-case
    version: 1.1.4
    dev: false

  registry.npmmirror.com/make-error/1.3.6:
    resolution: {integrity: sha512-s8UhlNe7vPKomQhC1qFelMokr/Sc3AgNbso3n74mVPA5LTZwkB9NlXf4XPamLxJE8h0gh73rM94xvwRT2CVInw==, registry: http://registry.npm.taobao.org/, tarball: https://registry.npmmirror.com/make-error/-/make-error-1.3.6.tgz}
    name: make-error
    version: 1.3.6
    dev: false

  registry.npmmirror.com/map-obj/4.3.0:
    resolution: {integrity: sha512-hdN1wVrZbb29eBGiGjJbeP8JbKjq1urkHJ/LIP/NY48MZ1QVXUsQBV1G1zvYFHn1XE06cwjBsOI2K3Ulnj1YXQ==, registry: http://registry.npm.taobao.org/, tarball: https://registry.npmmirror.com/map-obj/-/map-obj-4.3.0.tgz}
    name: map-obj
    version: 4.3.0
    engines: {node: '>=8'}
    dev: false

  registry.npmmirror.com/markdown-it/12.3.0:
    resolution: {integrity: sha512-T345UZZ6ejQWTjG6PSEHplzNy5m4kF6zvUpHVDv8Snl/pEU0OxIK0jGg8YLVNwJvT8E0YJC7/2UvssJDk/wQCQ==, registry: http://registry.npm.taobao.org/, tarball: https://registry.npmmirror.com/markdown-it/-/markdown-it-12.3.0.tgz}
    name: markdown-it
    version: 12.3.0
    hasBin: true
    dependencies:
      argparse: registry.npmmirror.com/argparse/2.0.1
      entities: registry.npmmirror.com/entities/2.1.0
      linkify-it: registry.npmmirror.com/linkify-it/3.0.3
      mdurl: registry.npmmirror.com/mdurl/1.0.1
      uc.micro: registry.npmmirror.com/uc.micro/1.0.6
    dev: true

  registry.npmmirror.com/mdurl/1.0.1:
    resolution: {integrity: sha512-/sKlQJCBYVY9Ers9hqzKou4H6V5UWc/M59TH2dvkt+84itfnq7uFOMLpOiOS4ujvHP4etln18fmIxA5R5fll0g==, registry: http://registry.npm.taobao.org/, tarball: https://registry.npmmirror.com/mdurl/-/mdurl-1.0.1.tgz}
    name: mdurl
    version: 1.0.1
    dev: true

  registry.npmmirror.com/no-case/2.3.2:
    resolution: {integrity: sha512-rmTZ9kz+f3rCvK2TD1Ue/oZlns7OGoIWP4fc3llxxRXlOkHKoWPPWJOfFYpITabSow43QJbRIoHQXtt10VldyQ==, registry: http://registry.npm.taobao.org/, tarball: https://registry.npmmirror.com/no-case/-/no-case-2.3.2.tgz}
    name: no-case
    version: 2.3.2
    dependencies:
      lower-case: registry.npmmirror.com/lower-case/1.1.4
    dev: false

  registry.npmmirror.com/param-case/2.1.1:
    resolution: {integrity: sha512-eQE845L6ot89sk2N8liD8HAuH4ca6Vvr7VWAWwt7+kvvG5aBcPmmphQ68JsEG2qa9n1TykS2DLeMt363AAH8/w==, registry: http://registry.npm.taobao.org/, tarball: https://registry.npmmirror.com/param-case/-/param-case-2.1.1.tgz}
    name: param-case
    version: 2.1.1
    dependencies:
      no-case: registry.npmmirror.com/no-case/2.3.2
    dev: false

  registry.npmmirror.com/quick-lru/5.1.1:
    resolution: {integrity: sha512-WuyALRjWPDGtt/wzJiadO5AXY+8hZ80hVpe6MyivgraREW751X3SbhRvG3eLKOYN+8VEvqLcf3wdnt44Z4S4SA==, registry: http://registry.npm.taobao.org/, tarball: https://registry.npmmirror.com/quick-lru/-/quick-lru-5.1.1.tgz}
    name: quick-lru
    version: 5.1.1
    engines: {node: '>=10'}
    dev: false

  registry.npmmirror.com/relateurl/0.2.7:
    resolution: {integrity: sha512-G08Dxvm4iDN3MLM0EsP62EDV9IuhXPR6blNz6Utcp7zyV3tr4HVNINt6MpaRWbxoOHT3Q7YN2P+jaHX8vUbgog==, registry: http://registry.npm.taobao.org/, tarball: https://registry.npmmirror.com/relateurl/-/relateurl-0.2.7.tgz}
    name: relateurl
    version: 0.2.7
    engines: {node: '>= 0.10'}
    dev: false

  registry.npmmirror.com/retry-axios/2.6.0_axios@0.22.0:
    resolution: {integrity: sha512-pOLi+Gdll3JekwuFjXO3fTq+L9lzMQGcSq7M5gIjExcl3Gu1hd4XXuf5o3+LuSBsaULQH7DiNbsqPd1chVpQGQ==, registry: http://registry.npm.taobao.org/, tarball: https://registry.npmmirror.com/retry-axios/-/retry-axios-2.6.0.tgz}
    id: registry.npmmirror.com/retry-axios/2.6.0
    name: retry-axios
    version: 2.6.0
    engines: {node: '>=10.7.0'}
    peerDependencies:
      axios: '*'
    dependencies:
      axios: registry.npmmirror.com/axios/0.22.0
    dev: false

  registry.npmmirror.com/source-map/0.6.1:
    resolution: {integrity: sha512-UjgapumWlbMhkBgzT7Ykc5YXUT46F0iKu8SGXq0bcwP5dz/h0Plj6enJqjz1Zbq2l5WaqYnrVbwWOWMyF3F47g==, registry: http://registry.npm.taobao.org/, tarball: https://registry.npmmirror.com/source-map/-/source-map-0.6.1.tgz}
    name: source-map
    version: 0.6.1
    engines: {node: '>=0.10.0'}
    dev: false

  registry.npmmirror.com/ts-node/10.3.0_qmcozvyvqmhxygiljuo6vefraa:
    resolution: {integrity: sha512-RYIy3i8IgpFH45AX4fQHExrT8BxDeKTdC83QFJkNzkvt8uFB6QJ8XMyhynYiKMLxt9a7yuXaDBZNOYS3XjDcYw==, registry: http://registry.npm.taobao.org/, tarball: https://registry.npmmirror.com/ts-node/-/ts-node-10.3.0.tgz}
    id: registry.npmmirror.com/ts-node/10.3.0
    name: ts-node
    version: 10.3.0
    hasBin: true
    peerDependencies:
      '@swc/core': '>=1.2.50'
      '@swc/wasm': '>=1.2.50'
      '@types/node': '*'
      typescript: '>=2.7'
    peerDependenciesMeta:
      '@swc/core':
        optional: true
      '@swc/wasm':
        optional: true
    dependencies:
      '@cspotcode/source-map-support': registry.npmmirror.com/@cspotcode/source-map-support/0.7.0
      '@tsconfig/node10': registry.npmmirror.com/@tsconfig/node10/1.0.9
      '@tsconfig/node12': registry.npmmirror.com/@tsconfig/node12/1.0.11
      '@tsconfig/node14': registry.npmmirror.com/@tsconfig/node14/1.0.3
      '@tsconfig/node16': registry.npmmirror.com/@tsconfig/node16/1.0.3
      '@types/node': registry.npmmirror.com/@types/node/16.10.3
      acorn: registry.npmmirror.com/acorn/8.8.0
      acorn-walk: registry.npmmirror.com/acorn-walk/8.2.0
      arg: registry.npmmirror.com/arg/4.1.3
      create-require: registry.npmmirror.com/create-require/1.1.1
      diff: registry.npmmirror.com/diff/4.0.2
      make-error: registry.npmmirror.com/make-error/1.3.6
      typescript: registry.npmmirror.com/typescript/4.4.3
      yn: registry.npmmirror.com/yn/3.1.1
    dev: false

  registry.npmmirror.com/type-fest/1.4.0:
    resolution: {integrity: sha512-yGSza74xk0UG8k+pLh5oeoYirvIiWo5t0/o3zHHAO2tRDiZcxWP7fywNlXhqb6/r6sWvwi+RsyQMWhVLe4BVuA==, registry: http://registry.npm.taobao.org/, tarball: https://registry.npmmirror.com/type-fest/-/type-fest-1.4.0.tgz}
    name: type-fest
    version: 1.4.0
    engines: {node: '>=10'}
    dev: false

  registry.npmmirror.com/typescript/4.4.3:
    resolution: {integrity: sha512-4xfscpisVgqqDfPaJo5vkd+Qd/ItkoagnHpufr+i2QCHBsNYp+G7UAoyFl8aPtx879u38wPV65rZ8qbGZijalA==, registry: http://registry.npm.taobao.org/, tarball: https://registry.npmmirror.com/typescript/-/typescript-4.4.3.tgz}
    name: typescript
    version: 4.4.3
    engines: {node: '>=4.2.0'}
    hasBin: true
    dev: false

  registry.npmmirror.com/uc.micro/1.0.6:
    resolution: {integrity: sha512-8Y75pvTYkLJW2hWQHXxoqRgV7qb9B+9vFEtidML+7koHUFapnVJAZ6cKs+Qjz5Aw3aZWHMC6u0wJE3At+nSGwA==, registry: http://registry.npm.taobao.org/, tarball: https://registry.npmmirror.com/uc.micro/-/uc.micro-1.0.6.tgz}
    name: uc.micro
    version: 1.0.6
    dev: true

  registry.npmmirror.com/uglify-js/3.16.2:
    resolution: {integrity: sha512-AaQNokTNgExWrkEYA24BTNMSjyqEXPSfhqoS0AxmHkCJ4U+Dyy5AvbGV/sqxuxficEfGGoX3zWw9R7QpLFfEsg==, registry: http://registry.npm.taobao.org/, tarball: https://registry.npmmirror.com/uglify-js/-/uglify-js-3.16.2.tgz}
    name: uglify-js
    version: 3.16.2
    engines: {node: '>=0.8.0'}
    hasBin: true
    dev: false

  registry.npmmirror.com/upper-case/1.1.3:
    resolution: {integrity: sha512-WRbjgmYzgXkCV7zNVpy5YgrHgbBv126rMALQQMrmzOVC4GM2waQ9x7xtm8VU+1yF2kWyPzI9zbZ48n4vSxwfSA==, registry: http://registry.npm.taobao.org/, tarball: https://registry.npmmirror.com/upper-case/-/upper-case-1.1.3.tgz}
    name: upper-case
    version: 1.1.3
    dev: false

  registry.npmmirror.com/yn/3.1.1:
    resolution: {integrity: sha512-Ux4ygGWsu2c7isFWe8Yu1YluJmqVhxqK2cLXNQA5AcC3QfbGNpM7fu0Y8b/z16pXLnFxZYvWhd3fhBY9DLmC6Q==, registry: http://registry.npm.taobao.org/, tarball: https://registry.npmmirror.com/yn/-/yn-3.1.1.tgz}
    name: yn
    version: 3.1.1
    engines: {node: '>=6'}
    dev: false
